// !$*UTF8*$!
{
	archiveVersion = 1;
	classes = {
	};
	objectVersion = 50;
	objects = {

/* Begin PBXBuildFile section */
		41F4C786233486F200309661 /* AppDelegate.swift in Sources */ = {isa = PBXBuildFile; fileRef = 41F4C785233486F200309661 /* AppDelegate.swift */; };
		41F4C788233486F200309661 /* ViewController.swift in Sources */ = {isa = PBXBuildFile; fileRef = 41F4C787233486F200309661 /* ViewController.swift */; };
		41F4C78B233486F200309661 /* Main.storyboard in Resources */ = {isa = PBXBuildFile; fileRef = 41F4C789233486F200309661 /* Main.storyboard */; };
		41F4C78D233486F400309661 /* Assets.xcassets in Resources */ = {isa = PBXBuildFile; fileRef = 41F4C78C233486F400309661 /* Assets.xcassets */; };
		41F4C790233486F400309661 /* LaunchScreen.storyboard in Resources */ = {isa = PBXBuildFile; fileRef = 41F4C78E233486F400309661 /* LaunchScreen.storyboard */; };
		41F4C79823348BB400309661 /* Alarm.swift in Sources */ = {isa = PBXBuildFile; fileRef = 41F4C79723348BB400309661 /* Alarm.swift */; };
		41F4C79A23349C1000309661 /* CustomCell.swift in Sources */ = {isa = PBXBuildFile; fileRef = 41F4C79923349C1000309661 /* CustomCell.swift */; };
		41F4C79C2334A4A500309661 /* DetailViewController.swift in Sources */ = {isa = PBXBuildFile; fileRef = 41F4C79B2334A4A500309661 /* DetailViewController.swift */; };
		41F4C79E23377FDA00309661 /* AddAlarmViewController.swift in Sources */ = {isa = PBXBuildFile; fileRef = 41F4C79D23377FDA00309661 /* AddAlarmViewController.swift */; };
/* End PBXBuildFile section */

/* Begin PBXFileReference section */
		41F4C782233486F200309661 /* contactBook.app */ = {isa = PBXFileReference; explicitFileType = wrapper.application; includeInIndex = 0; path = contactBook.app; sourceTree = BUILT_PRODUCTS_DIR; };
		41F4C785233486F200309661 /* AppDelegate.swift */ = {isa = PBXFileReference; lastKnownFileType = sourcecode.swift; path = AppDelegate.swift; sourceTree = "<group>"; };
		41F4C787233486F200309661 /* ViewController.swift */ = {isa = PBXFileReference; lastKnownFileType = sourcecode.swift; path = ViewController.swift; sourceTree = "<group>"; };
		41F4C78A233486F200309661 /* Base */ = {isa = PBXFileReference; lastKnownFileType = file.storyboard; name = Base; path = Base.lproj/Main.storyboard; sourceTree = "<group>"; };
		41F4C78C233486F400309661 /* Assets.xcassets */ = {isa = PBXFileReference; lastKnownFileType = folder.assetcatalog; path = Assets.xcassets; sourceTree = "<group>"; };
		41F4C78F233486F400309661 /* Base */ = {isa = PBXFileReference; lastKnownFileType = file.storyboard; name = Base; path = Base.lproj/LaunchScreen.storyboard; sourceTree = "<group>"; };
		41F4C791233486F400309661 /* Info.plist */ = {isa = PBXFileReference; lastKnownFileType = text.plist.xml; path = Info.plist; sourceTree = "<group>"; };
		41F4C79723348BB400309661 /* Alarm.swift */ = {isa = PBXFileReference; lastKnownFileType = sourcecode.swift; path = Alarm.swift; sourceTree = "<group>"; };
		41F4C79923349C1000309661 /* CustomCell.swift */ = {isa = PBXFileReference; lastKnownFileType = sourcecode.swift; path = CustomCell.swift; sourceTree = "<group>"; };
		41F4C79B2334A4A500309661 /* DetailViewController.swift */ = {isa = PBXFileReference; lastKnownFileType = sourcecode.swift; path = DetailViewController.swift; sourceTree = "<group>"; };
		41F4C79D23377FDA00309661 /* AddAlarmViewController.swift */ = {isa = PBXFileReference; lastKnownFileType = sourcecode.swift; path = AddAlarmViewController.swift; sourceTree = "<group>"; };
/* End PBXFileReference section */

/* Begin PBXFrameworksBuildPhase section */
		41F4C77F233486F200309661 /* Frameworks */ = {
			isa = PBXFrameworksBuildPhase;
			buildActionMask = 2147483647;
			files = (
			);
			runOnlyForDeploymentPostprocessing = 0;
		};
/* End PBXFrameworksBuildPhase section */

/* Begin PBXGroup section */
		41F4C779233486F200309661 = {
			isa = PBXGroup;
			children = (
				41F4C784233486F200309661 /* contactBook */,
				41F4C783233486F200309661 /* Products */,
			);
			sourceTree = "<group>";
		};
		41F4C783233486F200309661 /* Products */ = {
			isa = PBXGroup;
			children = (
				41F4C782233486F200309661 /* contactBook.app */,
			);
			name = Products;
			sourceTree = "<group>";
		};
		41F4C784233486F200309661 /* contactBook */ = {
			isa = PBXGroup;
			children = (
				41F4C785233486F200309661 /* AppDelegate.swift */,
				41F4C787233486F200309661 /* ViewController.swift */,
				41F4C789233486F200309661 /* Main.storyboard */,
				41F4C78C233486F400309661 /* Assets.xcassets */,
				41F4C78E233486F400309661 /* LaunchScreen.storyboard */,
				41F4C791233486F400309661 /* Info.plist */,
				41F4C79723348BB400309661 /* Alarm.swift */,
				41F4C79923349C1000309661 /* CustomCell.swift */,
				41F4C79B2334A4A500309661 /* DetailViewController.swift */,
				41F4C79D23377FDA00309661 /* AddAlarmViewController.swift */,
			);
			path = contactBook;
			sourceTree = "<group>";
		};
/* End PBXGroup section */

/* Begin PBXNativeTarget section */
		41F4C781233486F200309661 /* contactBook */ = {
			isa = PBXNativeTarget;
			buildConfigurationList = 41F4C794233486F400309661 /* Build configuration list for PBXNativeTarget "contactBook" */;
			buildPhases = (
				41F4C77E233486F200309661 /* Sources */,
				41F4C77F233486F200309661 /* Frameworks */,
				41F4C780233486F200309661 /* Resources */,
			);
			buildRules = (
			);
			dependencies = (
			);
			name = contactBook;
			productName = contactBook;
			productReference = 41F4C782233486F200309661 /* contactBook.app */;
			productType = "com.apple.product-type.application";
		};
/* End PBXNativeTarget section */

/* Begin PBXProject section */
		41F4C77A233486F200309661 /* Project object */ = {
			isa = PBXProject;
			attributes = {
				LastSwiftUpdateCheck = 1030;
				LastUpgradeCheck = 1030;
				ORGANIZATIONNAME = nasiba;
				TargetAttributes = {
					41F4C781233486F200309661 = {
						CreatedOnToolsVersion = 10.3;
					};
				};
			};
			buildConfigurationList = 41F4C77D233486F200309661 /* Build configuration list for PBXProject "contactBook" */;
			compatibilityVersion = "Xcode 9.3";
			developmentRegion = en;
			hasScannedForEncodings = 0;
			knownRegions = (
				en,
				Base,
			);
			mainGroup = 41F4C779233486F200309661;
			productRefGroup = 41F4C783233486F200309661 /* Products */;
			projectDirPath = "";
			projectRoot = "";
			targets = (
				41F4C781233486F200309661 /* contactBook */,
			);
		};
/* End PBXProject section */

/* Begin PBXResourcesBuildPhase section */
		41F4C780233486F200309661 /* Resources */ = {
			isa = PBXResourcesBuildPhase;
			buildActionMask = 2147483647;
			files = (
				41F4C790233486F400309661 /* LaunchScreen.storyboard in Resources */,
				41F4C78D233486F400309661 /* Assets.xcassets in Resources */,
				41F4C78B233486F200309661 /* Main.storyboard in Resources */,
			);
			runOnlyForDeploymentPostprocessing = 0;
		};
/* End PBXResourcesBuildPhase section */

/* Begin PBXSourcesBuildPhase section */
		41F4C77E233486F200309661 /* Sources */ = {
			isa = PBXSourcesBuildPhase;
			buildActionMask = 2147483647;
			files = (
				41F4C79823348BB400309661 /* Alarm.swift in Sources */,
				41F4C788233486F200309661 /* ViewController.swift in Sources */,
				41F4C79C2334A4A500309661 /* DetailViewController.swift in Sources */,
				41F4C79E23377FDA00309661 /* AddAlarmViewController.swift in Sources */,
				41F4C79A23349C1000309661 /* CustomCell.swift in Sources */,
				41F4C786233486F200309661 /* AppDelegate.swift in Sources */,
			);
			runOnlyForDeploymentPostprocessing = 0;
		};
/* End PBXSourcesBuildPhase section */

/* Begin PBXVariantGroup section */
		41F4C789233486F200309661 /* Main.storyboard */ = {
			isa = PBXVariantGroup;
			children = (
				41F4C78A233486F200309661 /* Base */,
			);
			name = Main.storyboard;
			sourceTree = "<group>";
		};
		41F4C78E233486F400309661 /* LaunchScreen.storyboard */ = {
			isa = PBXVariantGroup;
			children = (
				41F4C78F233486F400309661 /* Base */,
			);
			name = LaunchScreen.storyboard;
			sourceTree = "<group>";
		};
/* End PBXVariantGroup section */

/* Begin XCBuildConfiguration section */
		41F4C792233486F400309661 /* Debug */ = {
			isa = XCBuildConfiguration;
			buildSettings = {
				ALWAYS_SEARCH_USER_PATHS = NO;
				CLANG_ANALYZER_NONNULL = YES;
				CLANG_ANALYZER_NUMBER_OBJECT_CONVERSION = YES_AGGRESSIVE;
				CLANG_CXX_LANGUAGE_STANDARD = "gnu++14";
				CLANG_CXX_LIBRARY = "libc++";
				CLANG_ENABLE_MODULES = YES;
				CLANG_ENABLE_OBJC_ARC = YES;
				CLANG_ENABLE_OBJC_WEAK = YES;
				CLANG_WARN_BLOCK_CAPTURE_AUTORELEASING = YES;
				CLANG_WARN_BOOL_CONVERSION = YES;
				CLANG_WARN_COMMA = YES;
				CLANG_WARN_CONSTANT_CONVERSION = YES;
				CLANG_WARN_DEPRECATED_OBJC_IMPLEMENTATIONS = YES;
				CLANG_WARN_DIRECT_OBJC_ISA_USAGE = YES_ERROR;
				CLANG_WARN_DOCUMENTATION_COMMENTS = YES;
				CLANG_WARN_EMPTY_BODY = YES;
				CLANG_WARN_ENUM_CONVERSION = YES;
				CLANG_WARN_INFINITE_RECURSION = YES;
				CLANG_WARN_INT_CONVERSION = YES;
				CLANG_WARN_NON_LITERAL_NULL_CONVERSION = YES;
				CLANG_WARN_OBJC_IMPLICIT_RETAIN_SELF = YES;
				CLANG_WARN_OBJC_LITERAL_CONVERSION = YES;
				CLANG_WARN_OBJC_ROOT_CLASS = YES_ERROR;
				CLANG_WARN_RANGE_LOOP_ANALYSIS = YES;
				CLANG_WARN_STRICT_PROTOTYPES = YES;
				CLANG_WARN_SUSPICIOUS_MOVE = YES;
				CLANG_WARN_UNGUARDED_AVAILABILITY = YES_AGGRESSIVE;
				CLANG_WARN_UNREACHABLE_CODE = YES;
				CLANG_WARN__DUPLICATE_METHOD_MATCH = YES;
				CODE_SIGN_IDENTITY = "iPhone Developer";
				COPY_PHASE_STRIP = NO;
				DEBUG_INFORMATION_FORMAT = dwarf;
				ENABLE_STRICT_OBJC_MSGSEND = YES;
				ENABLE_TESTABILITY = YES;
				GCC_C_LANGUAGE_STANDARD = gnu11;
				GCC_DYNAMIC_NO_PIC = NO;
				GCC_NO_COMMON_BLOCKS = YES;
				GCC_OPTIMIZATION_LEVEL = 0;
				GCC_PREPROCESSOR_DEFINITIONS = (
					"DEBUG=1",
					"$(inherited)",
				);
				GCC_WARN_64_TO_32_BIT_CONVERSION = YES;
				GCC_WARN_ABOUT_RETURN_TYPE = YES_ERROR;
				GCC_WARN_UNDECLARED_SELECTOR = YES;
				GCC_WARN_UNINITIALIZED_AUTOS = YES_AGGRESSIVE;
				GCC_WARN_UNUSED_FUNCTION = YES;
				GCC_WARN_UNUSED_VARIABLE = YES;
				IPHONEOS_DEPLOYMENT_TARGET = 12.4;
				MTL_ENABLE_DEBUG_INFO = INCLUDE_SOURCE;
				MTL_FAST_MATH = YES;
				ONLY_ACTIVE_ARCH = YES;
				SDKROOT = iphoneos;
				SWIFT_ACTIVE_COMPILATION_CONDITIONS = DEBUG;
				SWIFT_OPTIMIZATION_LEVEL = "-Onone";
			};
			name = Debug;
		};
		41F4C793233486F400309661 /* Release */ = {
			isa = XCBuildConfiguration;
			buildSettings = {
				ALWAYS_SEARCH_USER_PATHS = NO;
				CLANG_ANALYZER_NONNULL = YES;
				CLANG_ANALYZER_NUMBER_OBJECT_CONVERSION = YES_AGGRESSIVE;
				CLANG_CXX_LANGUAGE_STANDARD = "gnu++14";
				CLANG_CXX_LIBRARY = "libc++";
				CLANG_ENABLE_MODULES = YES;
				CLANG_ENABLE_OBJC_ARC = YES;
				CLANG_ENABLE_OBJC_WEAK = YES;
				CLANG_WARN_BLOCK_CAPTURE_AUTORELEASING = YES;
				CLANG_WARN_BOOL_CONVERSION = YES;
				CLANG_WARN_COMMA = YES;
				CLANG_WARN_CONSTANT_CONVERSION = YES;
				CLANG_WARN_DEPRECATED_OBJC_IMPLEMENTATIONS = YES;
				CLANG_WARN_DIRECT_OBJC_ISA_USAGE = YES_ERROR;
				CLANG_WARN_DOCUMENTATION_COMMENTS = YES;
				CLANG_WARN_EMPTY_BODY = YES;
				CLANG_WARN_ENUM_CONVERSION = YES;
				CLANG_WARN_INFINITE_RECURSION = YES;
				CLANG_WARN_INT_CONVERSION = YES;
				CLANG_WARN_NON_LITERAL_NULL_CONVERSION = YES;
				CLANG_WARN_OBJC_IMPLICIT_RETAIN_SELF = YES;
				CLANG_WARN_OBJC_LITERAL_CONVERSION = YES;
				CLANG_WARN_OBJC_ROOT_CLASS = YES_ERROR;
				CLANG_WARN_RANGE_LOOP_ANALYSIS = YES;
				CLANG_WARN_STRICT_PROTOTYPES = YES;
				CLANG_WARN_SUSPICIOUS_MOVE = YES;
				CLANG_WARN_UNGUARDED_AVAILABILITY = YES_AGGRESSIVE;
				CLANG_WARN_UNREACHABLE_CODE = YES;
				CLANG_WARN__DUPLICATE_METHOD_MATCH = YES;
				CODE_SIGN_IDENTITY = "iPhone Developer";
				COPY_PHASE_STRIP = NO;
				DEBUG_INFORMATION_FORMAT = "dwarf-with-dsym";
				ENABLE_NS_ASSERTIONS = NO;
				ENABLE_STRICT_OBJC_MSGSEND = YES;
				GCC_C_LANGUAGE_STANDARD = gnu11;
				GCC_NO_COMMON_BLOCKS = YES;
				GCC_WARN_64_TO_32_BIT_CONVERSION = YES;
				GCC_WARN_ABOUT_RETURN_TYPE = YES_ERROR;
				GCC_WARN_UNDECLARED_SELECTOR = YES;
				GCC_WARN_UNINITIALIZED_AUTOS = YES_AGGRESSIVE;
				GCC_WARN_UNUSED_FUNCTION = YES;
				GCC_WARN_UNUSED_VARIABLE = YES;
				IPHONEOS_DEPLOYMENT_TARGET = 12.4;
				MTL_ENABLE_DEBUG_INFO = NO;
				MTL_FAST_MATH = YES;
				SDKROOT = iphoneos;
				SWIFT_COMPILATION_MODE = wholemodule;
				SWIFT_OPTIMIZATION_LEVEL = "-O";
				VALIDATE_PRODUCT = YES;
			};
			name = Release;
		};
		41F4C795233486F400309661 /* Debug */ = {
			isa = XCBuildConfiguration;
			buildSettings = {
				ASSETCATALOG_COMPILER_APPICON_NAME = AppIcon;
				CODE_SIGN_STYLE = Automatic;
				DEVELOPMENT_TEAM = ZF4SC59XQ5;
				INFOPLIST_FILE = contactBook/Info.plist;
				IPHONEOS_DEPLOYMENT_TARGET = 12.2;
				LD_RUNPATH_SEARCH_PATHS = (
					"$(inherited)",
					"@executable_path/Frameworks",
				);
				PRODUCT_BUNDLE_IDENTIFIER = com.contact.Nassiba.contactBook;
				PRODUCT_NAME = "$(TARGET_NAME)";
				SWIFT_VERSION = 5.0;
				TARGETED_DEVICE_FAMILY = "1,2";
			};
			name = Debug;
		};
		41F4C796233486F400309661 /* Release */ = {
			isa = XCBuildConfiguration;
			buildSettings = {
				ASSETCATALOG_COMPILER_APPICON_NAME = AppIcon;
				CODE_SIGN_STYLE = Automatic;
				DEVELOPMENT_TEAM = ZF4SC59XQ5;
				INFOPLIST_FILE = contactBook/Info.plist;
				IPHONEOS_DEPLOYMENT_TARGET = 12.2;
				LD_RUNPATH_SEARCH_PATHS = (
					"$(inherited)",
					"@executable_path/Frameworks",
				);
				PRODUCT_BUNDLE_IDENTIFIER = com.contact.Nassiba.contactBook;
				PRODUCT_NAME = "$(TARGET_NAME)";
				SWIFT_VERSION = 5.0;
				TARGETED_DEVICE_FAMILY = "1,2";
			};
			name = Release;
		};
/* End XCBuildConfiguration section */

/* Begin XCConfigurationList section */
		41F4C77D233486F200309661 /* Build configuration list for PBXProject "contactBook" */ = {
			isa = XCConfigurationList;
			buildConfigurations = (
				41F4C792233486F400309661 /* Debug */,
				41F4C793233486F400309661 /* Release */,
			);
			defaultConfigurationIsVisible = 0;
			defaultConfigurationName = Release;
		};
		41F4C794233486F400309661 /* Build configuration list for PBXNativeTarget "contactBook" */ = {
			isa = XCConfigurationList;
			buildConfigurations = (
				41F4C795233486F400309661 /* Debug */,
				41F4C796233486F400309661 /* Release */,
			);
			defaultConfigurationIsVisible = 0;
			defaultConfigurationName = Release;
		};
/* End XCConfigurationList section */
	};
	rootObject = 41F4C77A233486F200309661 /* Project object */;
}
